
Microsoft Visual Studio Solution File, Format Version 12.00
# Visual Studio Version 17
VisualStudioVersion = 17.5.002.0
MinimumVisualStudioVersion = 10.0.40219.1
Project("{9A19103F-16F7-4668-BE54-9A1E7A4F7556}") = "Project-D", "Project-D.csproj", "{96DE644D-0EE2-4E13-869F-254FEEDC5828}"
EndProject
Global
	GlobalSection(SolutionConfigurationPlatforms) = preSolution
		Debug|Any CPU = Debug|Any CPU
		Release|Any CPU = Release|Any CPU
	EndGlobalSection
	GlobalSection(ProjectConfigurationPlatforms) = postSolution
		{96DE644D-0EE2-4E13-869F-254FEEDC5828}.Debug|Any CPU.ActiveCfg = Debug|Any CPU
		{96DE644D-0EE2-4E13-869F-254FEEDC5828}.Debug|Any CPU.Build.0 = Debug|Any CPU
		{96DE644D-0EE2-4E13-869F-254FEEDC5828}.Debug|Any CPU.Deploy.0 = Debug|Any CPU
		{96DE644D-0EE2-4E13-869F-254FEEDC5828}.Release|Any CPU.ActiveCfg = Release|Any CPU
		{96DE644D-0EE2-4E13-869F-254FEEDC5828}.Release|Any CPU.Build.0 = Release|Any CPU
	EndGlobalSection
	GlobalSection(SolutionProperties) = preSolution
		HideSolutionNode = FALSE
	EndGlobalSection
	GlobalSection(ExtensibilityGlobals) = postSolution
		SolutionGuid = {9B7FC956-2B6A-4E51-B1AD-FFD1420D4DD4}
	EndGlobalSection
EndGlobal
